
Microsoft Visual Studio Solution File, Format Version 12.00
Project("{FAE04EC0-301F-11D3-BF4B-00C04F79EFBC}") = "MavisVsTheDevil", "MavisVsTheDevil\MavisVsTheDevil.csproj", "{22220B5A-37F2-4184-8902-C41E0D78C7CA}"
EndProject
Project("{FAE04EC0-301F-11D3-BF4B-00C04F79EFBC}") = "Gen", "Gen\Gen.csproj", "{2BCA3D06-3AE1-4A0C-9B91-2D46F5E3B69C}"
EndProject
Global
	GlobalSection(SolutionConfigurationPlatforms) = preSolution
		Debug|Any CPU = Debug|Any CPU
		Release|Any CPU = Release|Any CPU
	EndGlobalSection
	GlobalSection(ProjectConfigurationPlatforms) = postSolution
		{22220B5A-37F2-4184-8902-C41E0D78C7CA}.Debug|Any CPU.ActiveCfg = Debug|Any CPU
		{22220B5A-37F2-4184-8902-C41E0D78C7CA}.Debug|Any CPU.Build.0 = Debug|Any CPU
		{22220B5A-37F2-4184-8902-C41E0D78C7CA}.Release|Any CPU.ActiveCfg = Release|Any CPU
		{22220B5A-37F2-4184-8902-C41E0D78C7CA}.Release|Any CPU.Build.0 = Release|Any CPU
		{2BCA3D06-3AE1-4A0C-9B91-2D46F5E3B69C}.Debug|Any CPU.ActiveCfg = Debug|Any CPU
		{2BCA3D06-3AE1-4A0C-9B91-2D46F5E3B69C}.Debug|Any CPU.Build.0 = Debug|Any CPU
		{2BCA3D06-3AE1-4A0C-9B91-2D46F5E3B69C}.Release|Any CPU.ActiveCfg = Release|Any CPU
		{2BCA3D06-3AE1-4A0C-9B91-2D46F5E3B69C}.Release|Any CPU.Build.0 = Release|Any CPU
	EndGlobalSection
EndGlobal
